
Microsoft Visual Studio Solution File, Format Version 12.00
# Visual Studio Version 17
VisualStudioVersion = 17.12.35527.113 d17.12
MinimumVisualStudioVersion = 10.0.40219.1
Project("{FAE04EC0-301F-11D3-BF4B-00C04F79EFBC}") = "CalculatorApp.Tests", "CalculatorApp.Tests\CalculatorApp.Tests.csproj", "{5EB64936-3E51-418C-900B-B93C531A2E12}"
EndProject
Project("{FAE04EC0-301F-11D3-BF4B-00C04F79EFBC}") = "CalculatorApp", "CalculatorApp\CalculatorApp.csproj", "{D34ECB92-8E98-4991-8D17-03C65E3CF67E}"
EndProject
Global
	GlobalSection(SolutionConfigurationPlatforms) = preSolution
		Debug|Any CPU = Debug|Any CPU
		Release|Any CPU = Release|Any CPU
	EndGlobalSection
	GlobalSection(ProjectConfigurationPlatforms) = postSolution
		{5EB64936-3E51-418C-900B-B93C531A2E12}.Debug|Any CPU.ActiveCfg = Debug|Any CPU
		{5EB64936-3E51-418C-900B-B93C531A2E12}.Debug|Any CPU.Build.0 = Debug|Any CPU
		{5EB64936-3E51-418C-900B-B93C531A2E12}.Release|Any CPU.ActiveCfg = Release|Any CPU
		{5EB64936-3E51-418C-900B-B93C531A2E12}.Release|Any CPU.Build.0 = Release|Any CPU
		{D34ECB92-8E98-4991-8D17-03C65E3CF67E}.Debug|Any CPU.ActiveCfg = Debug|Any CPU
		{D34ECB92-8E98-4991-8D17-03C65E3CF67E}.Debug|Any CPU.Build.0 = Debug|Any CPU
		{D34ECB92-8E98-4991-8D17-03C65E3CF67E}.Release|Any CPU.ActiveCfg = Release|Any CPU
		{D34ECB92-8E98-4991-8D17-03C65E3CF67E}.Release|Any CPU.Build.0 = Release|Any CPU
	EndGlobalSection
	GlobalSection(SolutionProperties) = preSolution
		HideSolutionNode = FALSE
	EndGlobalSection
EndGlobal
